# This file is autogenerated, do not edit; changes may be undone by the next 'dep ensure'.


[[projects]]
  branch = "master"
  name = "github.com/200sc/go-compgeo"
  packages = [
    ".",
    "dcel",
    "dcel/off",
    "dcel/pointLoc",
    "dcel/pointLoc/bruteForce",
    "dcel/pointLoc/kirkpatrick",
    "dcel/pointLoc/monotone",
    "dcel/pointLoc/slab",
    "dcel/pointLoc/trapezoid",
    "dcel/pointLoc/visualize",
    "geom",
    "printutil",
    "search",
    "search/tree",
    "search/tree/fullCopy",
    "search/tree/static"
  ]
  revision = "bb07999891d78f390528a39525d7dbcef1efa45f"

[[projects]]
  branch = "master"
  name = "github.com/200sc/go-dist"
  packages = [
    "colorrange",
    "intrange"
  ]
  revision = "37baefb0bf1591d11f8f60d6f8476c6738dffbfb"

[[projects]]
  name = "github.com/200sc/klangsynthese"
  packages = [
    "audio",
    "audio/filter",
    "audio/filter/supports",
    "audio/manip",
    "font",
    "mp3",
    "wav"
  ]
  revision = "ae391211d7385f8a6a4f8b11c7ab531a1121feb0"
  version = "v0.1.0"

[[projects]]
  name = "github.com/BurntSushi/toml"
  packages = ["."]
  revision = "b26d9c308763d68093482582cea63d69be07a0f0"
  version = "v0.3.0"

[[projects]]
  branch = "master"
  name = "github.com/BurntSushi/xgb"
  packages = [
    ".",
    "render",
    "shm",
    "xproto"
  ]
  revision = "27f122750802c950b2c869a5b63dafcf590ced95"

[[projects]]
  branch = "master"
  name = "github.com/Sythe2o0/rtreego"
  packages = ["."]
  revision = "ee924d4654f7cc993786d68dd885d5932c555b74"

[[projects]]
  branch = "master"
  name = "github.com/akavel/polyclip-go"
  packages = ["."]
  revision = "2cfdb71461bde9115450eb65688337e3f8ee715e"

[[projects]]
  name = "github.com/davecgh/go-spew"
  packages = ["spew"]
  revision = "346938d642f2ec3594ed81d874461961cd0faa76"
  version = "v1.1.0"

[[projects]]
  name = "github.com/disintegration/gift"
  packages = ["."]
  revision = "6844aa0778953d7137510a1c74f686ae0e556600"
  version = "v1.1.2"

[[projects]]
  branch = "master"
  name = "github.com/golang/freetype"
  packages = [
    "raster",
    "truetype"
  ]
  revision = "e2365dfdc4a05e4b8299a783240d4a7d5a65d4e4"

[[projects]]
  branch = "master"
  name = "github.com/hajimehoshi/go-mp3"
  packages = [
    ".",
    "internal/bits",
    "internal/consts",
    "internal/frame",
    "internal/frameheader",
    "internal/huffman",
    "internal/imdct",
    "internal/maindata",
    "internal/sideinfo"
  ]
  revision = "22bc0be280079723dbb8e10295db01e925dc5640"

[[projects]]
  name = "github.com/oakmound/oak"
  packages = [
    ".",
    "alg",
    "alg/floatgeom",
    "alg/intgeom",
    "audio",
    "collision",
    "dlog",
    "entities",
    "event",
    "fileutil",
    "key",
    "mouse",
    "oakerr",
    "physics",
    "render",
    "render/mod",
    "shape",
    "timing"
  ]
  revision = "f0b72295742b89bc2acb3da6f4c799ce1fdb5e4e"
  version = "v1.5.1"

[[projects]]
  branch = "master"
  name = "github.com/oov/directsound-go"
  packages = ["dsound"]
  revision = "e53e59c700bfd3a54be020aa361349351b1221aa"

[[projects]]
  name = "github.com/pkg/errors"
  packages = ["."]
  revision = "645ef00459ed84a119197bfb8d8205042c6df63d"
  version = "v0.8.0"

[[projects]]
  branch = "master"
  name = "github.com/tryphon/alsa-go"
  packages = ["."]
  revision = "15454c34bf57fd0b18c927b74564dfcf2209f41d"

[[projects]]
  branch = "master"
  name = "golang.org/x/exp"
  packages = [
    "shiny/driver",
    "shiny/driver/gldriver",
    "shiny/driver/internal/drawer",
    "shiny/driver/internal/errscreen",
    "shiny/driver/internal/event",
    "shiny/driver/internal/lifecycler",
    "shiny/driver/internal/swizzle",
    "shiny/driver/internal/win32",
    "shiny/driver/internal/x11key",
    "shiny/driver/windriver",
    "shiny/driver/x11driver",
    "shiny/gesture",
    "shiny/screen"
  ]
  revision = "072991165226c11c888c881218850e8318c2b32e"

[[projects]]
  branch = "master"
  name = "golang.org/x/image"
  packages = [
    "colornames",
    "font",
    "math/f64",
    "math/fixed"
  ]
  revision = "12117c17ca67ffa1ce22e9409f3b0b0a93ac08c7"

[[projects]]
  branch = "master"
  name = "golang.org/x/mobile"
  packages = [
    "event/key",
    "event/lifecycle",
    "event/mouse",
    "event/paint",
    "event/size",
    "geom",
    "gl"
  ]
  revision = "5704e182c7003d4b7e94c23373f3fad4e5ceb25a"

[[projects]]
  branch = "master"
  name = "golang.org/x/net"
  packages = [
    "html",
    "html/atom"
  ]
  revision = "2fb46b16b8dda405028c50f7c7f0f9dd1fa6bfb1"

[[projects]]
  branch = "master"
  name = "golang.org/x/sync"
  packages = ["syncmap"]
  revision = "fd80eb99c8f653c847d294a001bdf2a3a6f768f5"

[[projects]]
  branch = "master"
  name = "golang.org/x/sys"
  packages = ["windows"]
  revision = "37707fdb30a5b38865cfb95e5aab41707daec7fd"

[solve-meta]
  analyzer-name = "dep"
  analyzer-version = 1
  inputs-digest = "5334e30fea4ffce95d6a5a5b24b6684ec1c4e7db5cb5cc74a59d82bdde0696db"
  solver-name = "gps-cdcl"
  solver-version = 1
